lockfileVersion: '9.0'

settings:
  autoInstallPeers: true
  excludeLinksFromLockfile: false

importers:

  .:
    dependencies:
      '@capacitor/camera':
        specifier: ^8.0.0
        version: 8.0.0(@capacitor/core@8.0.1)
      '@capacitor/filesystem':
        specifier: ^8.0.0
        version: 8.0.0(@capacitor/core@8.0.1)
      '@capacitor/preferences':
        specifier: ^8.0.0
        version: 8.0.0(@capacitor/core@8.0.1)
      '@ionic/pwa-elements':
        specifier: ^3.3.0
        version: 3.3.0

packages:

  '@capacitor/camera@8.0.0':
    resolution: {integrity: sha512-Iu8j2oxoIhY2mLuoEckbL7PFgw1XFm1nqmeWdIkILpcT3H9A+BrSDUDlzWqM/EeaDKo6JnhR59tYHwUhOdXaUg==}
    peerDependencies:
      '@capacitor/core': '>=8.0.0'

  '@capacitor/core@8.0.1':
    resolution: {integrity: sha512-5UqSWxGMp/B8KhYu7rAijqNtYslhcLh+TrbfU48PfdMDsPfaU/VY48sMNzC22xL8BmoFoql/3SKyP+pavTOvOA==}

  '@capacitor/filesystem@8.0.0':
    resolution: {integrity: sha512-RRGNLW9xEqvVVHGyGlfS4Oy0R3Na+bEefwZElKbex22S9eZr5cg8wc750BPPVwbcv5lf5fJymkY8x8y6UwKPyg==}
    peerDependencies:
      '@capacitor/core': '>=8.0.0'

  '@capacitor/preferences@8.0.0':
    resolution: {integrity: sha512-NsE7Srk9Zr0SxiVelHGiAJR7M238eyCD6dI/sDhu3ckKwFrXn8/GRyGr+SZcnGLlQKy948li8Pfcfr0dqxNf1g==}
    peerDependencies:
      '@capacitor/core': '>=8.0.0'

  '@capacitor/synapse@1.0.4':
    resolution: {integrity: sha512-/C1FUo8/OkKuAT4nCIu/34ny9siNHr9qtFezu4kxm6GY1wNFxrCFWjfYx5C1tUhVGz3fxBABegupkpjXvjCHrw==}

  '@ionic/pwa-elements@3.3.0':
    resolution: {integrity: sha512-vbykpxd2nGRlA67AnqDwsiVf8PUmInLyi6lQdnPDjeiML1WZa0CPe6r632nGDV9PTi+sWNde9Xexg9SD6Pwyqw==}
    engines: {node: '>=16.0.0', npm: '>=8.0.0'}

  tslib@2.8.1:
    resolution: {integrity: sha512-oJFu94HQb+KVduSUQL7wnpmqnfmLsOA/nAh6b6EH0wCEoK0/mPeXU6c3wKDV83MkOuHPRHtSXKKU99IBazS/2w==}

snapshots:

  '@capacitor/camera@8.0.0(@capacitor/core@8.0.1)':
    dependencies:
      '@capacitor/core': 8.0.1

  '@capacitor/core@8.0.1':
    dependencies:
      tslib: 2.8.1

  '@capacitor/filesystem@8.0.0(@capacitor/core@8.0.1)':
    dependencies:
      '@capacitor/core': 8.0.1
      '@capacitor/synapse': 1.0.4

  '@capacitor/preferences@8.0.0(@capacitor/core@8.0.1)':
    dependencies:
      '@capacitor/core': 8.0.1

  '@capacitor/synapse@1.0.4': {}

  '@ionic/pwa-elements@3.3.0': {}

  tslib@2.8.1: {}
